<?xml version="1.0" encoding="utf-8"?>
<Project ToolsVersion="4.0" xmlns="http://schemas.microsoft.com/developer/msbuild/2003">
  <ItemGroup>
    <Filter Include="源文件">
      <UniqueIdentifier>{4FC737F1-C7A5-4376-A066-2A32D752A2FF}</UniqueIdentifier>
      <Extensions>cpp;c;cc;cxx;def;odl;idl;hpj;bat;asm;asmx</Extensions>
    </Filter>
    <Filter Include="头文件">
      <UniqueIdentifier>{93995380-89BD-4b04-88EB-625FBE52EBFB}</UniqueIdentifier>
      <Extensions>h;hpp;hxx;hm;inl;inc;xsd</Extensions>
    </Filter>
    <Filter Include="资源文件">
      <UniqueIdentifier>{67DA6AB6-F800-4c08-8B7A-83BB121AAD01}</UniqueIdentifier>
      <Extensions>rc;ico;cur;bmp;dlg;rc2;rct;bin;rgs;gif;jpg;jpeg;jpe;resx;tiff;tif;png;wav;mfcribbon-ms</Extensions>
    </Filter>
  </ItemGroup>
  <ItemGroup>
    <None Include="ReadMe.txt" />
  </ItemGroup>
  <ItemGroup>
    <ClInclude Include="stdafx.h">
      <Filter>头文件</Filter>
    </ClInclude>
    <ClInclude Include="targetver.h">
      <Filter>头文件</Filter>
    </ClInclude>
    <ClInclude Include="..\src\my_d3d9.h">
      <Filter>头文件</Filter>
    </ClInclude>
    <ClInclude Include="..\src\my_d3d9caps.h">
      <Filter>头文件</Filter>
    </ClInclude>
    <ClInclude Include="..\src\my_d3d9math.h">
      <Filter>头文件</Filter>
    </ClInclude>
    <ClInclude Include="..\src\my_d3d9typs.h">
      <Filter>头文件</Filter>
    </ClInclude>
    <ClInclude Include="..\src\my_direct3d_imp .h">
      <Filter>头文件</Filter>
    </ClInclude>
    <ClInclude Include="..\src\my_direct3ddeviece_imp.h">
      <Filter>头文件</Filter>
    </ClInclude>
    <ClInclude Include="..\src\my_direct3dvertexbuffer_imp.h">
      <Filter>头文件</Filter>
    </ClInclude>
    <ClInclude Include="..\src\GDISurface.h">
      <Filter>头文件</Filter>
    </ClInclude>
    <ClInclude Include="..\src\stream.h">
      <Filter>头文件</Filter>
    </ClInclude>
    <ClInclude Include="..\src\rendersystem.h">
      <Filter>头文件</Filter>
    </ClInclude>
    <ClInclude Include="..\src\my_math.h">
      <Filter>头文件</Filter>
    </ClInclude>
    <ClInclude Include="..\src\itransform.h">
      <Filter>头文件</Filter>
    </ClInclude>
    <ClInclude Include="..\src\renderlist.h">
      <Filter>头文件</Filter>
    </ClInclude>
    <ClInclude Include="..\src\camera.h">
      <Filter>头文件</Filter>
    </ClInclude>
    <ClInclude Include="..\src\perspect.h">
      <Filter>头文件</Filter>
    </ClInclude>
    <ClInclude Include="..\src\screen.h">
      <Filter>头文件</Filter>
    </ClInclude>
    <ClInclude Include="..\src\world.h">
      <Filter>头文件</Filter>
    </ClInclude>
    <ClInclude Include="..\src\my_d3dx9math.h">
      <Filter>头文件</Filter>
    </ClInclude>
    <ClInclude Include="..\src\my_d3d9types.h">
      <Filter>头文件</Filter>
    </ClInclude>
    <ClInclude Include="..\src\my_xx_types.h">
      <Filter>头文件</Filter>
    </ClInclude>
    <ClInclude Include="..\src\my_direct3d_imp.h">
      <Filter>头文件</Filter>
    </ClInclude>
    <ClInclude Include="..\src\my_direct3dresource_imp.h">
      <Filter>头文件</Filter>
    </ClInclude>
    <ClInclude Include="..\src\my_direct3ddevice_imp.h">
      <Filter>头文件</Filter>
    </ClInclude>
    <ClInclude Include="..\src\my_d3dx9.h">
      <Filter>头文件</Filter>
    </ClInclude>
  </ItemGroup>
  <ItemGroup>
    <ClCompile Include="stdafx.cpp">
      <Filter>源文件</Filter>
    </ClCompile>
    <ClCompile Include="..\src\d3d9.cpp">
      <Filter>源文件</Filter>
    </ClCompile>
    <ClCompile Include="..\src\my_direct3d_imp.cpp">
      <Filter>源文件</Filter>
    </ClCompile>
    <ClCompile Include="..\src\my_direct3ddevice_imp.cpp">
      <Filter>源文件</Filter>
    </ClCompile>
    <ClCompile Include="..\src\my_direct3dvertexbuffer_imp.cpp">
      <Filter>源文件</Filter>
    </ClCompile>
    <ClCompile Include="..\src\GDISurface.cpp">
      <Filter>源文件</Filter>
    </ClCompile>
    <ClCompile Include="..\src\stream.cpp">
      <Filter>源文件</Filter>
    </ClCompile>
    <ClCompile Include="..\src\rendersystem.cpp">
      <Filter>源文件</Filter>
    </ClCompile>
    <ClCompile Include="..\src\perspect.cpp">
      <Filter>源文件</Filter>
    </ClCompile>
    <ClCompile Include="..\src\camera.cpp">
      <Filter>源文件</Filter>
    </ClCompile>
    <ClCompile Include="..\src\world.cpp">
      <Filter>源文件</Filter>
    </ClCompile>
    <ClCompile Include="..\src\mathlib.cpp">
      <Filter>源文件</Filter>
    </ClCompile>
    <ClCompile Include="..\src\screen.cpp">
      <Filter>源文件</Filter>
    </ClCompile>
    <ClCompile Include="..\src\my_d3dx9math.cpp">
      <Filter>源文件</Filter>
    </ClCompile>
  </ItemGroup>
</Project>